
Microsoft Visual Studio Solution File, Format Version 12.00
# Visual Studio Version 17
VisualStudioVersion = 17.8.34511.84
MinimumVisualStudioVersion = 10.0.40219.1
Project("{FAE04EC0-301F-11D3-BF4B-00C04F79EFBC}") = "EFCoreTutoral", "EFCoreTutoral\EFCoreTutoral.csproj", "{5E2DBB1E-B733-4CDA-A3B5-D6175ED5AD95}"
EndProject
Global
	GlobalSection(SolutionConfigurationPlatforms) = preSolution
		Debug|Any CPU = Debug|Any CPU
		Release|Any CPU = Release|Any CPU
	EndGlobalSection
	GlobalSection(ProjectConfigurationPlatforms) = postSolution
		{5E2DBB1E-B733-4CDA-A3B5-D6175ED5AD95}.Debug|Any CPU.ActiveCfg = Debug|Any CPU
		{5E2DBB1E-B733-4CDA-A3B5-D6175ED5AD95}.Debug|Any CPU.Build.0 = Debug|Any CPU
		{5E2DBB1E-B733-4CDA-A3B5-D6175ED5AD95}.Release|Any CPU.ActiveCfg = Release|Any CPU
		{5E2DBB1E-B733-4CDA-A3B5-D6175ED5AD95}.Release|Any CPU.Build.0 = Release|Any CPU
	EndGlobalSection
	GlobalSection(SolutionProperties) = preSolution
		HideSolutionNode = FALSE
	EndGlobalSection
	GlobalSection(ExtensibilityGlobals) = postSolution
		SolutionGuid = {E0142F7A-ED8A-4FF1-991A-ACDDA346E03C}
	EndGlobalSection
EndGlobal
